<?xml version="1.0" encoding="utf-8"?>
<Project ToolsVersion="4.0" xmlns="http://schemas.microsoft.com/developer/msbuild/2003">
  <ItemGroup>
    <ClCompile Include="gucommon\logging\Logger.cpp">
      <Filter>gucommon</Filter>
    </ClCompile>
    <ClCompile Include="gucommon\shaders\ShaderFactory.cpp">
      <Filter>gucommon</Filter>
    </ClCompile>
    <ClCompile Include="gucommon\strings\StringUtils.cpp">
      <Filter>gucommon</Filter>
    </ClCompile>
    <ClCompile Include="CncClock.cpp" />
    <ClCompile Include="GuCommon\stb\stb_implementations.cpp">
      <Filter>framework</Filter>
    </ClCompile>
    <ClCompile Include="Input.cpp">
      <Filter>framework</Filter>
    </ClCompile>
    <ClCompile Include="Viewer.cpp">
      <Filter>framework</Filter>
    </ClCompile>
    <ClCompile Include="LineRenderer.cpp" />
    <ClCompile Include="Indicator.cpp">
      <Filter>parts</Filter>
    </ClCompile>
    <ClCompile Include="Clock.cpp" />
    <ClCompile Include="Gear.cpp">
      <Filter>parts</Filter>
    </ClCompile>
    <ClCompile Include="DesignMenu.cpp" />
    <ClCompile Include="IPart.cpp">
      <Filter>parts</Filter>
    </ClCompile>
    <ClCompile Include="ImguiRenderer.cpp">
      <Filter>framework</Filter>
    </ClCompile>
    <ClCompile Include="b2DebugDrawRenderer.cpp">
      <Filter>framework</Filter>
    </ClCompile>
  </ItemGroup>
  <ItemGroup>
    <Filter Include="gucommon">
      <UniqueIdentifier>{2dde8e8b-faef-43df-90c0-1f15c03252e3}</UniqueIdentifier>
    </Filter>
    <Filter Include="framework">
      <UniqueIdentifier>{a944532e-e4ef-42b1-a6e1-6d2593e21296}</UniqueIdentifier>
    </Filter>
    <Filter Include="parts">
      <UniqueIdentifier>{67a317a3-48ed-4c1a-bc66-03cac6da97af}</UniqueIdentifier>
    </Filter>
  </ItemGroup>
  <ItemGroup>
    <ClInclude Include="gucommon\logging\Logger.h">
      <Filter>gucommon</Filter>
    </ClInclude>
    <ClInclude Include="gucommon\shaders\ShaderFactory.h">
      <Filter>gucommon</Filter>
    </ClInclude>
    <ClInclude Include="gucommon\strings\StringUtils.h">
      <Filter>gucommon</Filter>
    </ClInclude>
    <ClInclude Include="CncClock.h" />
    <ClInclude Include="version.h" />
    <ClInclude Include="Input.h">
      <Filter>framework</Filter>
    </ClInclude>
    <ClInclude Include="Viewer.h">
      <Filter>framework</Filter>
    </ClInclude>
    <ClInclude Include="IGlfwMouseHandler.h">
      <Filter>framework</Filter>
    </ClInclude>
    <ClInclude Include="IGlfwKeyHandler.h">
      <Filter>framework</Filter>
    </ClInclude>
    <ClInclude Include="LineRenderer.h" />
    <ClInclude Include="Indicator.h">
      <Filter>parts</Filter>
    </ClInclude>
    <ClInclude Include="Clock.h" />
    <ClInclude Include="IPart.h">
      <Filter>parts</Filter>
    </ClInclude>
    <ClInclude Include="Gear.h">
      <Filter>parts</Filter>
    </ClInclude>
    <ClInclude Include="DesignMenu.h" />
    <ClInclude Include="ImguiRenderer.h">
      <Filter>framework</Filter>
    </ClInclude>
    <ClInclude Include="b2DebugDrawRenderer.h">
      <Filter>framework</Filter>
    </ClInclude>
  </ItemGroup>
</Project>